
Microsoft Visual Studio Solution File, Format Version 12.00
# Visual Studio Version 16
VisualStudioVersion = 16.0.30804.86
MinimumVisualStudioVersion = 10.0.40219.1
Project("{9A19103F-16F7-4668-BE54-9A1E7A4F7556}") = "Training", "Training\Training.csproj", "{22A210E6-6776-4D06-B2C7-EFB4E1324CBD}"
EndProject
Global
	GlobalSection(SolutionConfigurationPlatforms) = preSolution
		Debug|Any CPU = Debug|Any CPU
		Release|Any CPU = Release|Any CPU
	EndGlobalSection
	GlobalSection(ProjectConfigurationPlatforms) = postSolution
		{22A210E6-6776-4D06-B2C7-EFB4E1324CBD}.Debug|Any CPU.ActiveCfg = Debug|Any CPU
		{22A210E6-6776-4D06-B2C7-EFB4E1324CBD}.Debug|Any CPU.Build.0 = Debug|Any CPU
		{22A210E6-6776-4D06-B2C7-EFB4E1324CBD}.Release|Any CPU.ActiveCfg = Release|Any CPU
		{22A210E6-6776-4D06-B2C7-EFB4E1324CBD}.Release|Any CPU.Build.0 = Release|Any CPU
	EndGlobalSection
	GlobalSection(SolutionProperties) = preSolution
		HideSolutionNode = FALSE
	EndGlobalSection
	GlobalSection(ExtensibilityGlobals) = postSolution
		SolutionGuid = {3BA75595-36F5-4B29-8255-604E81A82278}
	EndGlobalSection
EndGlobal
